
Microsoft Visual Studio Solution File, Format Version 12.00
# Visual Studio 15
VisualStudioVersion = 15.0.27703.2026
MinimumVisualStudioVersion = 10.0.40219.1
Project("{FAE04EC0-301F-11D3-BF4B-00C04F79EFBC}") = "WebApi", "WebApi\WebApi.csproj", "{E4A9A077-6DDD-4580-9AEE-4BE0E3B4A96A}"
EndProject
Global
	GlobalSection(SolutionConfigurationPlatforms) = preSolution
		Debug|Any CPU = Debug|Any CPU
		Release|Any CPU = Release|Any CPU
	EndGlobalSection
	GlobalSection(ProjectConfigurationPlatforms) = postSolution
		{E4A9A077-6DDD-4580-9AEE-4BE0E3B4A96A}.Debug|Any CPU.ActiveCfg = Debug|Any CPU
		{E4A9A077-6DDD-4580-9AEE-4BE0E3B4A96A}.Debug|Any CPU.Build.0 = Debug|Any CPU
		{E4A9A077-6DDD-4580-9AEE-4BE0E3B4A96A}.Release|Any CPU.ActiveCfg = Release|Any CPU
		{E4A9A077-6DDD-4580-9AEE-4BE0E3B4A96A}.Release|Any CPU.Build.0 = Release|Any CPU
	EndGlobalSection
	GlobalSection(SolutionProperties) = preSolution
		HideSolutionNode = FALSE
	EndGlobalSection
	GlobalSection(ExtensibilityGlobals) = postSolution
		SolutionGuid = {39F12161-3EB2-4B73-898E-797FF961443F}
	EndGlobalSection
EndGlobal
